# This file is automatically @generated by Cargo.
# It is not intended for manual editing.
[[package]]
name = "israeli-queue"
version = "0.1.0"
source = "registry+https://github.com/rust-lang/crates.io-index"
checksum = "49fe3b38004f91732266d5451b2bb65473a9a7e08075f0c5103d90442afabca8"

[[package]]
name = "lt"
version = "0.1.0"
dependencies = [
 "israeli-queue",
]
